# This file is automatically @generated by Cargo.
# It is not intended for manual editing.
version = 3

[[package]]
name = "zypp-agama"
version = "0.1.0"
dependencies = [
 "zypp-agama-sys",
]

[[package]]
name = "zypp-agama-example"
version = "0.1.0"
dependencies = [
 "zypp-agama",
]

[[package]]
name = "zypp-agama-sys"
version = "0.1.0"
